// !$*UTF8*$!
{
	archiveVersion = 1;
	classes = {
	};
	objectVersion = 56;
	objects = {

/* Begin PBXBuildFile section */
		DE7D566C2B7C7EBC0060BE42 /* AppDelegate.swift in Sources */ = {isa = PBXBuildFile; fileRef = DE7D566B2B7C7EBC0060BE42 /* AppDelegate.swift */; };
		DE7D566E2B7C7EBC0060BE42 /* SceneDelegate.swift in Sources */ = {isa = PBXBuildFile; fileRef = DE7D566D2B7C7EBC0060BE42 /* SceneDelegate.swift */; };
		DE7D56702B7C7EBC0060BE42 /* HomeViewController.swift in Sources */ = {isa = PBXBuildFile; fileRef = DE7D566F2B7C7EBC0060BE42 /* HomeViewController.swift */; };
		DE7D56732B7C7EBC0060BE42 /* Main.storyboard in Resources */ = {isa = PBXBuildFile; fileRef = DE7D56712B7C7EBC0060BE42 /* Main.storyboard */; };
		DE7D56752B7C7EBE0060BE42 /* Assets.xcassets in Resources */ = {isa = PBXBuildFile; fileRef = DE7D56742B7C7EBE0060BE42 /* Assets.xcassets */; };
		DE7D56782B7C7EBE0060BE42 /* LaunchScreen.storyboard in Resources */ = {isa = PBXBuildFile; fileRef = DE7D56762B7C7EBE0060BE42 /* LaunchScreen.storyboard */; };
		DE7D56812B7C7F120060BE42 /* BaseViewController.swift in Sources */ = {isa = PBXBuildFile; fileRef = DE7D56802B7C7F120060BE42 /* BaseViewController.swift */; };
		DE7D56852B7C816A0060BE42 /* SnapKit in Frameworks */ = {isa = PBXBuildFile; productRef = DE7D56842B7C816A0060BE42 /* SnapKit */; };
		DE7D56882B7C81720060BE42 /* Alamofire in Frameworks */ = {isa = PBXBuildFile; productRef = DE7D56872B7C81720060BE42 /* Alamofire */; };
		DE7D568A2B7C8D600060BE42 /* HomeCollectionViewCell.swift in Sources */ = {isa = PBXBuildFile; fileRef = DE7D56892B7C8D600060BE42 /* HomeCollectionViewCell.swift */; };
		DE7D568C2B7C90F50060BE42 /* UIView+Extension.swift in Sources */ = {isa = PBXBuildFile; fileRef = DE7D568B2B7C90F50060BE42 /* UIView+Extension.swift */; };
		DE7D568F2B7C97E50060BE42 /* TodoViewController.swift in Sources */ = {isa = PBXBuildFile; fileRef = DE7D568E2B7C97E50060BE42 /* TodoViewController.swift */; };
		DE7D56922B7C9D840060BE42 /* TodoTableViewCell.swift in Sources */ = {isa = PBXBuildFile; fileRef = DE7D56912B7C9D840060BE42 /* TodoTableViewCell.swift */; };
		DE7D56942B7CB0850060BE42 /* DateViewController.swift in Sources */ = {isa = PBXBuildFile; fileRef = DE7D56932B7CB0850060BE42 /* DateViewController.swift */; };
		DE7D56962B7CC5C60060BE42 /* TagViewController.swift in Sources */ = {isa = PBXBuildFile; fileRef = DE7D56952B7CC5C60060BE42 /* TagViewController.swift */; };
		DE7D56982B7CC5DB0060BE42 /* PriorityViewController.swift in Sources */ = {isa = PBXBuildFile; fileRef = DE7D56972B7CC5DB0060BE42 /* PriorityViewController.swift */; };
		DE7D56A32B7E2F350060BE42 /* Color+Extension.swift in Sources */ = {isa = PBXBuildFile; fileRef = DE7D56A22B7E2F350060BE42 /* Color+Extension.swift */; };
		DE7D56A52B7E40690060BE42 /* RealmModel.swift in Sources */ = {isa = PBXBuildFile; fileRef = DE7D56A42B7E40690060BE42 /* RealmModel.swift */; };
		DE7D56A82B7E40B70060BE42 /* Realm in Frameworks */ = {isa = PBXBuildFile; productRef = DE7D56A72B7E40B70060BE42 /* Realm */; };
		DE7D56AA2B7E40B70060BE42 /* RealmSwift in Frameworks */ = {isa = PBXBuildFile; productRef = DE7D56A92B7E40B70060BE42 /* RealmSwift */; };
		DEA87BE42B81E7A900DD899E /* TodoTableRepository.swift in Sources */ = {isa = PBXBuildFile; fileRef = DEA87BE32B81E7A900DD899E /* TodoTableRepository.swift */; };
		DEA87BE72B821C4B00DD899E /* ListViewController.swift in Sources */ = {isa = PBXBuildFile; fileRef = DEA87BE62B821C4B00DD899E /* ListViewController.swift */; };
		DEA87BEA2B82255100DD899E /* Toast in Frameworks */ = {isa = PBXBuildFile; productRef = DEA87BE92B82255100DD899E /* Toast */; };
		DEA87BEC2B822F1900DD899E /* ListTableViewCell.swift in Sources */ = {isa = PBXBuildFile; fileRef = DEA87BEB2B822F1900DD899E /* ListTableViewCell.swift */; };
		DEA87BF12B83916500DD899E /* FileManager+Extension.swift in Sources */ = {isa = PBXBuildFile; fileRef = DEA87BF02B83916500DD899E /* FileManager+Extension.swift */; };
		DEA87BF42B83972800DD899E /* TodoDetailViewController.swift in Sources */ = {isa = PBXBuildFile; fileRef = DEA87BF32B83972800DD899E /* TodoDetailViewController.swift */; };
		DEA87BFA2B84864B00DD899E /* HomeCellList.swift in Sources */ = {isa = PBXBuildFile; fileRef = DEA87BF92B84864B00DD899E /* HomeCellList.swift */; };
		DEA87BFE2B84973500DD899E /* BaseCollectionViewCell.swift in Sources */ = {isa = PBXBuildFile; fileRef = DEA87BFD2B84973500DD899E /* BaseCollectionViewCell.swift */; };
		DEA87C002B84988100DD899E /* BaseTableViewCell.swift in Sources */ = {isa = PBXBuildFile; fileRef = DEA87BFF2B84988100DD899E /* BaseTableViewCell.swift */; };
		DEA87C022B84990100DD899E /* CustomListTableViewCell.swift in Sources */ = {isa = PBXBuildFile; fileRef = DEA87C012B84990100DD899E /* CustomListTableViewCell.swift */; };
		DEA87C052B849C9700DD899E /* CustomListViewController.swift in Sources */ = {isa = PBXBuildFile; fileRef = DEA87C042B849C9700DD899E /* CustomListViewController.swift */; };
		DEA87C072B84AE7D00DD899E /* CustomListRepository.swift in Sources */ = {isa = PBXBuildFile; fileRef = DEA87C062B84AE7D00DD899E /* CustomListRepository.swift */; };
/* End PBXBuildFile section */

/* Begin PBXFileReference section */
		DE7D56682B7C7EBC0060BE42 /* SeSACReminders.app */ = {isa = PBXFileReference; explicitFileType = wrapper.application; includeInIndex = 0; path = SeSACReminders.app; sourceTree = BUILT_PRODUCTS_DIR; };
		DE7D566B2B7C7EBC0060BE42 /* AppDelegate.swift */ = {isa = PBXFileReference; lastKnownFileType = sourcecode.swift; path = AppDelegate.swift; sourceTree = "<group>"; };
		DE7D566D2B7C7EBC0060BE42 /* SceneDelegate.swift */ = {isa = PBXFileReference; lastKnownFileType = sourcecode.swift; path = SceneDelegate.swift; sourceTree = "<group>"; };
		DE7D566F2B7C7EBC0060BE42 /* HomeViewController.swift */ = {isa = PBXFileReference; lastKnownFileType = sourcecode.swift; path = HomeViewController.swift; sourceTree = "<group>"; };
		DE7D56722B7C7EBC0060BE42 /* Base */ = {isa = PBXFileReference; lastKnownFileType = file.storyboard; name = Base; path = Base.lproj/Main.storyboard; sourceTree = "<group>"; };
		DE7D56742B7C7EBE0060BE42 /* Assets.xcassets */ = {isa = PBXFileReference; lastKnownFileType = folder.assetcatalog; path = Assets.xcassets; sourceTree = "<group>"; };
		DE7D56772B7C7EBE0060BE42 /* Base */ = {isa = PBXFileReference; lastKnownFileType = file.storyboard; name = Base; path = Base.lproj/LaunchScreen.storyboard; sourceTree = "<group>"; };
		DE7D56792B7C7EBE0060BE42 /* Info.plist */ = {isa = PBXFileReference; lastKnownFileType = text.plist.xml; path = Info.plist; sourceTree = "<group>"; };
		DE7D56802B7C7F120060BE42 /* BaseViewController.swift */ = {isa = PBXFileReference; lastKnownFileType = sourcecode.swift; path = BaseViewController.swift; sourceTree = "<group>"; };
		DE7D56892B7C8D600060BE42 /* HomeCollectionViewCell.swift */ = {isa = PBXFileReference; lastKnownFileType = sourcecode.swift; path = HomeCollectionViewCell.swift; sourceTree = "<group>"; };
		DE7D568B2B7C90F50060BE42 /* UIView+Extension.swift */ = {isa = PBXFileReference; lastKnownFileType = sourcecode.swift; path = "UIView+Extension.swift"; sourceTree = "<group>"; };
		DE7D568E2B7C97E50060BE42 /* TodoViewController.swift */ = {isa = PBXFileReference; lastKnownFileType = sourcecode.swift; path = TodoViewController.swift; sourceTree = "<group>"; };
		DE7D56912B7C9D840060BE42 /* TodoTableViewCell.swift */ = {isa = PBXFileReference; lastKnownFileType = sourcecode.swift; path = TodoTableViewCell.swift; sourceTree = "<group>"; };
		DE7D56932B7CB0850060BE42 /* DateViewController.swift */ = {isa = PBXFileReference; lastKnownFileType = sourcecode.swift; path = DateViewController.swift; sourceTree = "<group>"; };
		DE7D56952B7CC5C60060BE42 /* TagViewController.swift */ = {isa = PBXFileReference; lastKnownFileType = sourcecode.swift; path = TagViewController.swift; sourceTree = "<group>"; };
		DE7D56972B7CC5DB0060BE42 /* PriorityViewController.swift */ = {isa = PBXFileReference; lastKnownFileType = sourcecode.swift; path = PriorityViewController.swift; sourceTree = "<group>"; };
		DE7D56A22B7E2F350060BE42 /* Color+Extension.swift */ = {isa = PBXFileReference; lastKnownFileType = sourcecode.swift; path = "Color+Extension.swift"; sourceTree = "<group>"; };
		DE7D56A42B7E40690060BE42 /* RealmModel.swift */ = {isa = PBXFileReference; lastKnownFileType = sourcecode.swift; path = RealmModel.swift; sourceTree = "<group>"; };
		DEA87BE32B81E7A900DD899E /* TodoTableRepository.swift */ = {isa = PBXFileReference; lastKnownFileType = sourcecode.swift; path = TodoTableRepository.swift; sourceTree = "<group>"; };
		DEA87BE62B821C4B00DD899E /* ListViewController.swift */ = {isa = PBXFileReference; lastKnownFileType = sourcecode.swift; path = ListViewController.swift; sourceTree = "<group>"; };
		DEA87BEB2B822F1900DD899E /* ListTableViewCell.swift */ = {isa = PBXFileReference; lastKnownFileType = sourcecode.swift; path = ListTableViewCell.swift; sourceTree = "<group>"; };
		DEA87BF02B83916500DD899E /* FileManager+Extension.swift */ = {isa = PBXFileReference; lastKnownFileType = sourcecode.swift; path = "FileManager+Extension.swift"; sourceTree = "<group>"; };
		DEA87BF32B83972800DD899E /* TodoDetailViewController.swift */ = {isa = PBXFileReference; lastKnownFileType = sourcecode.swift; path = TodoDetailViewController.swift; sourceTree = "<group>"; };
		DEA87BF92B84864B00DD899E /* HomeCellList.swift */ = {isa = PBXFileReference; lastKnownFileType = sourcecode.swift; path = HomeCellList.swift; sourceTree = "<group>"; };
		DEA87BFD2B84973500DD899E /* BaseCollectionViewCell.swift */ = {isa = PBXFileReference; lastKnownFileType = sourcecode.swift; path = BaseCollectionViewCell.swift; sourceTree = "<group>"; };
		DEA87BFF2B84988100DD899E /* BaseTableViewCell.swift */ = {isa = PBXFileReference; lastKnownFileType = sourcecode.swift; path = BaseTableViewCell.swift; sourceTree = "<group>"; };
		DEA87C012B84990100DD899E /* CustomListTableViewCell.swift */ = {isa = PBXFileReference; lastKnownFileType = sourcecode.swift; path = CustomListTableViewCell.swift; sourceTree = "<group>"; };
		DEA87C042B849C9700DD899E /* CustomListViewController.swift */ = {isa = PBXFileReference; lastKnownFileType = sourcecode.swift; path = CustomListViewController.swift; sourceTree = "<group>"; };
		DEA87C062B84AE7D00DD899E /* CustomListRepository.swift */ = {isa = PBXFileReference; lastKnownFileType = sourcecode.swift; path = CustomListRepository.swift; sourceTree = "<group>"; };
/* End PBXFileReference section */

/* Begin PBXFrameworksBuildPhase section */
		DE7D56652B7C7EBC0060BE42 /* Frameworks */ = {
			isa = PBXFrameworksBuildPhase;
			buildActionMask = 2147483647;
			files = (
				DE7D56AA2B7E40B70060BE42 /* RealmSwift in Frameworks */,
				DE7D56A82B7E40B70060BE42 /* Realm in Frameworks */,
				DE7D56852B7C816A0060BE42 /* SnapKit in Frameworks */,
				DEA87BEA2B82255100DD899E /* Toast in Frameworks */,
				DE7D56882B7C81720060BE42 /* Alamofire in Frameworks */,
			);
			runOnlyForDeploymentPostprocessing = 0;
		};
/* End PBXFrameworksBuildPhase section */

/* Begin PBXGroup section */
		DE7D565F2B7C7EBC0060BE42 = {
			isa = PBXGroup;
			children = (
				DE7D566A2B7C7EBC0060BE42 /* SeSACReminders */,
				DE7D56692B7C7EBC0060BE42 /* Products */,
			);
			sourceTree = "<group>";
		};
		DE7D56692B7C7EBC0060BE42 /* Products */ = {
			isa = PBXGroup;
			children = (
				DE7D56682B7C7EBC0060BE42 /* SeSACReminders.app */,
			);
			name = Products;
			sourceTree = "<group>";
		};
		DE7D566A2B7C7EBC0060BE42 /* SeSACReminders */ = {
			isa = PBXGroup;
			children = (
				DEA87C032B849C8200DD899E /* CustomList */,
				DEA87BF82B84863D00DD899E /* Data */,
				DEA87BF22B83971600DD899E /* TodoDetail */,
				DEA87BE52B821C4100DD899E /* List */,
				DE7D56A12B7DE5B40060BE42 /* Realm */,
				DE7D56822B7C7FB70060BE42 /* Base */,
				DE7D56902B7C98B70060BE42 /* Todo */,
				DE7D568D2B7C91680060BE42 /* Extension */,
				DE7D567F2B7C7F020060BE42 /* Home */,
				DE7D566B2B7C7EBC0060BE42 /* AppDelegate.swift */,
				DE7D566D2B7C7EBC0060BE42 /* SceneDelegate.swift */,
				DE7D56712B7C7EBC0060BE42 /* Main.storyboard */,
				DE7D56742B7C7EBE0060BE42 /* Assets.xcassets */,
				DE7D56762B7C7EBE0060BE42 /* LaunchScreen.storyboard */,
				DE7D56792B7C7EBE0060BE42 /* Info.plist */,
			);
			path = SeSACReminders;
			sourceTree = "<group>";
		};
		DE7D567F2B7C7F020060BE42 /* Home */ = {
			isa = PBXGroup;
			children = (
				DE7D566F2B7C7EBC0060BE42 /* HomeViewController.swift */,
				DE7D56892B7C8D600060BE42 /* HomeCollectionViewCell.swift */,
				DEA87C012B84990100DD899E /* CustomListTableViewCell.swift */,
			);
			path = Home;
			sourceTree = "<group>";
		};
		DE7D56822B7C7FB70060BE42 /* Base */ = {
			isa = PBXGroup;
			children = (
				DE7D56802B7C7F120060BE42 /* BaseViewController.swift */,
				DEA87BFD2B84973500DD899E /* BaseCollectionViewCell.swift */,
				DEA87BFF2B84988100DD899E /* BaseTableViewCell.swift */,
			);
			path = Base;
			sourceTree = "<group>";
		};
		DE7D568D2B7C91680060BE42 /* Extension */ = {
			isa = PBXGroup;
			children = (
				DE7D568B2B7C90F50060BE42 /* UIView+Extension.swift */,
				DE7D56A22B7E2F350060BE42 /* Color+Extension.swift */,
				DEA87BF02B83916500DD899E /* FileManager+Extension.swift */,
			);
			path = Extension;
			sourceTree = "<group>";
		};
		DE7D56902B7C98B70060BE42 /* Todo */ = {
			isa = PBXGroup;
			children = (
				DE7D56932B7CB0850060BE42 /* DateViewController.swift */,
				DE7D56952B7CC5C60060BE42 /* TagViewController.swift */,
				DE7D56972B7CC5DB0060BE42 /* PriorityViewController.swift */,
				DE7D568E2B7C97E50060BE42 /* TodoViewController.swift */,
				DE7D56912B7C9D840060BE42 /* TodoTableViewCell.swift */,
			);
			path = Todo;
			sourceTree = "<group>";
		};
		DE7D56A12B7DE5B40060BE42 /* Realm */ = {
			isa = PBXGroup;
			children = (
				DE7D56A42B7E40690060BE42 /* RealmModel.swift */,
				DEA87BE32B81E7A900DD899E /* TodoTableRepository.swift */,
				DEA87C062B84AE7D00DD899E /* CustomListRepository.swift */,
			);
			path = Realm;
			sourceTree = "<group>";
		};
		DEA87BE52B821C4100DD899E /* List */ = {
			isa = PBXGroup;
			children = (
				DEA87BE62B821C4B00DD899E /* ListViewController.swift */,
				DEA87BEB2B822F1900DD899E /* ListTableViewCell.swift */,
			);
			path = List;
			sourceTree = "<group>";
		};
		DEA87BF22B83971600DD899E /* TodoDetail */ = {
			isa = PBXGroup;
			children = (
				DEA87BF32B83972800DD899E /* TodoDetailViewController.swift */,
			);
			path = TodoDetail;
			sourceTree = "<group>";
		};
		DEA87BF82B84863D00DD899E /* Data */ = {
			isa = PBXGroup;
			children = (
				DEA87BF92B84864B00DD899E /* HomeCellList.swift */,
			);
			path = Data;
			sourceTree = "<group>";
		};
		DEA87C032B849C8200DD899E /* CustomList */ = {
			isa = PBXGroup;
			children = (
				DEA87C042B849C9700DD899E /* CustomListViewController.swift */,
			);
			path = CustomList;
			sourceTree = "<group>";
		};
/* End PBXGroup section */

/* Begin PBXNativeTarget section */
		DE7D56672B7C7EBC0060BE42 /* SeSACReminders */ = {
			isa = PBXNativeTarget;
			buildConfigurationList = DE7D567C2B7C7EBE0060BE42 /* Build configuration list for PBXNativeTarget "SeSACReminders" */;
			buildPhases = (
				DE7D56642B7C7EBC0060BE42 /* Sources */,
				DE7D56652B7C7EBC0060BE42 /* Frameworks */,
				DE7D56662B7C7EBC0060BE42 /* Resources */,
			);
			buildRules = (
			);
			dependencies = (
			);
			name = SeSACReminders;
			packageProductDependencies = (
				DE7D56842B7C816A0060BE42 /* SnapKit */,
				DE7D56872B7C81720060BE42 /* Alamofire */,
				DE7D56A72B7E40B70060BE42 /* Realm */,
				DE7D56A92B7E40B70060BE42 /* RealmSwift */,
				DEA87BE92B82255100DD899E /* Toast */,
			);
			productName = SeSACReminders;
			productReference = DE7D56682B7C7EBC0060BE42 /* SeSACReminders.app */;
			productType = "com.apple.product-type.application";
		};
/* End PBXNativeTarget section */

/* Begin PBXProject section */
		DE7D56602B7C7EBC0060BE42 /* Project object */ = {
			isa = PBXProject;
			attributes = {
				BuildIndependentTargetsInParallel = 1;
				LastSwiftUpdateCheck = 1510;
				LastUpgradeCheck = 1510;
				TargetAttributes = {
					DE7D56672B7C7EBC0060BE42 = {
						CreatedOnToolsVersion = 15.1;
					};
				};
			};
			buildConfigurationList = DE7D56632B7C7EBC0060BE42 /* Build configuration list for PBXProject "SeSACReminders" */;
			compatibilityVersion = "Xcode 14.0";
			developmentRegion = en;
			hasScannedForEncodings = 0;
			knownRegions = (
				en,
				Base,
			);
			mainGroup = DE7D565F2B7C7EBC0060BE42;
			packageReferences = (
				DE7D56832B7C816A0060BE42 /* XCRemoteSwiftPackageReference "SnapKit" */,
				DE7D56862B7C81720060BE42 /* XCRemoteSwiftPackageReference "Alamofire" */,
				DE7D56A62B7E40B70060BE42 /* XCRemoteSwiftPackageReference "realm-swift" */,
				DEA87BE82B82255100DD899E /* XCRemoteSwiftPackageReference "Toast-Swift" */,
			);
			productRefGroup = DE7D56692B7C7EBC0060BE42 /* Products */;
			projectDirPath = "";
			projectRoot = "";
			targets = (
				DE7D56672B7C7EBC0060BE42 /* SeSACReminders */,
			);
		};
/* End PBXProject section */

/* Begin PBXResourcesBuildPhase section */
		DE7D56662B7C7EBC0060BE42 /* Resources */ = {
			isa = PBXResourcesBuildPhase;
			buildActionMask = 2147483647;
			files = (
				DE7D56782B7C7EBE0060BE42 /* LaunchScreen.storyboard in Resources */,
				DE7D56752B7C7EBE0060BE42 /* Assets.xcassets in Resources */,
				DE7D56732B7C7EBC0060BE42 /* Main.storyboard in Resources */,
			);
			runOnlyForDeploymentPostprocessing = 0;
		};
/* End PBXResourcesBuildPhase section */

/* Begin PBXSourcesBuildPhase section */
		DE7D56642B7C7EBC0060BE42 /* Sources */ = {
			isa = PBXSourcesBuildPhase;
			buildActionMask = 2147483647;
			files = (
				DE7D56982B7CC5DB0060BE42 /* PriorityViewController.swift in Sources */,
				DEA87BEC2B822F1900DD899E /* ListTableViewCell.swift in Sources */,
				DE7D568C2B7C90F50060BE42 /* UIView+Extension.swift in Sources */,
				DEA87C052B849C9700DD899E /* CustomListViewController.swift in Sources */,
				DE7D568A2B7C8D600060BE42 /* HomeCollectionViewCell.swift in Sources */,
				DE7D56702B7C7EBC0060BE42 /* HomeViewController.swift in Sources */,
				DEA87BFA2B84864B00DD899E /* HomeCellList.swift in Sources */,
				DE7D56922B7C9D840060BE42 /* TodoTableViewCell.swift in Sources */,
				DE7D56812B7C7F120060BE42 /* BaseViewController.swift in Sources */,
				DEA87BFE2B84973500DD899E /* BaseCollectionViewCell.swift in Sources */,
				DE7D566C2B7C7EBC0060BE42 /* AppDelegate.swift in Sources */,
				DE7D56A32B7E2F350060BE42 /* Color+Extension.swift in Sources */,
				DEA87C072B84AE7D00DD899E /* CustomListRepository.swift in Sources */,
				DEA87BE72B821C4B00DD899E /* ListViewController.swift in Sources */,
				DEA87BE42B81E7A900DD899E /* TodoTableRepository.swift in Sources */,
				DEA87BF12B83916500DD899E /* FileManager+Extension.swift in Sources */,
				DE7D568F2B7C97E50060BE42 /* TodoViewController.swift in Sources */,
				DE7D56962B7CC5C60060BE42 /* TagViewController.swift in Sources */,
				DEA87C022B84990100DD899E /* CustomListTableViewCell.swift in Sources */,
				DEA87C002B84988100DD899E /* BaseTableViewCell.swift in Sources */,
				DE7D56942B7CB0850060BE42 /* DateViewController.swift in Sources */,
				DE7D56A52B7E40690060BE42 /* RealmModel.swift in Sources */,
				DE7D566E2B7C7EBC0060BE42 /* SceneDelegate.swift in Sources */,
				DEA87BF42B83972800DD899E /* TodoDetailViewController.swift in Sources */,
			);
			runOnlyForDeploymentPostprocessing = 0;
		};
/* End PBXSourcesBuildPhase section */

/* Begin PBXVariantGroup section */
		DE7D56712B7C7EBC0060BE42 /* Main.storyboard */ = {
			isa = PBXVariantGroup;
			children = (
				DE7D56722B7C7EBC0060BE42 /* Base */,
			);
			name = Main.storyboard;
			sourceTree = "<group>";
		};
		DE7D56762B7C7EBE0060BE42 /* LaunchScreen.storyboard */ = {
			isa = PBXVariantGroup;
			children = (
				DE7D56772B7C7EBE0060BE42 /* Base */,
			);
			name = LaunchScreen.storyboard;
			sourceTree = "<group>";
		};
/* End PBXVariantGroup section */

/* Begin XCBuildConfiguration section */
		DE7D567A2B7C7EBE0060BE42 /* Debug */ = {
			isa = XCBuildConfiguration;
			buildSettings = {
				ALWAYS_SEARCH_USER_PATHS = NO;
				ASSETCATALOG_COMPILER_GENERATE_SWIFT_ASSET_SYMBOL_EXTENSIONS = YES;
				CLANG_ANALYZER_NONNULL = YES;
				CLANG_ANALYZER_NUMBER_OBJECT_CONVERSION = YES_AGGRESSIVE;
				CLANG_CXX_LANGUAGE_STANDARD = "gnu++20";
				CLANG_ENABLE_MODULES = YES;
				CLANG_ENABLE_OBJC_ARC = YES;
				CLANG_ENABLE_OBJC_WEAK = YES;
				CLANG_WARN_BLOCK_CAPTURE_AUTORELEASING = YES;
				CLANG_WARN_BOOL_CONVERSION = YES;
				CLANG_WARN_COMMA = YES;
				CLANG_WARN_CONSTANT_CONVERSION = YES;
				CLANG_WARN_DEPRECATED_OBJC_IMPLEMENTATIONS = YES;
				CLANG_WARN_DIRECT_OBJC_ISA_USAGE = YES_ERROR;
				CLANG_WARN_DOCUMENTATION_COMMENTS = YES;
				CLANG_WARN_EMPTY_BODY = YES;
				CLANG_WARN_ENUM_CONVERSION = YES;
				CLANG_WARN_INFINITE_RECURSION = YES;
				CLANG_WARN_INT_CONVERSION = YES;
				CLANG_WARN_NON_LITERAL_NULL_CONVERSION = YES;
				CLANG_WARN_OBJC_IMPLICIT_RETAIN_SELF = YES;
				CLANG_WARN_OBJC_LITERAL_CONVERSION = YES;
				CLANG_WARN_OBJC_ROOT_CLASS = YES_ERROR;
				CLANG_WARN_QUOTED_INCLUDE_IN_FRAMEWORK_HEADER = YES;
				CLANG_WARN_RANGE_LOOP_ANALYSIS = YES;
				CLANG_WARN_STRICT_PROTOTYPES = YES;
				CLANG_WARN_SUSPICIOUS_MOVE = YES;
				CLANG_WARN_UNGUARDED_AVAILABILITY = YES_AGGRESSIVE;
				CLANG_WARN_UNREACHABLE_CODE = YES;
				CLANG_WARN__DUPLICATE_METHOD_MATCH = YES;
				COPY_PHASE_STRIP = NO;
				DEBUG_INFORMATION_FORMAT = dwarf;
				ENABLE_STRICT_OBJC_MSGSEND = YES;
				ENABLE_TESTABILITY = YES;
				ENABLE_USER_SCRIPT_SANDBOXING = YES;
				GCC_C_LANGUAGE_STANDARD = gnu17;
				GCC_DYNAMIC_NO_PIC = NO;
				GCC_NO_COMMON_BLOCKS = YES;
				GCC_OPTIMIZATION_LEVEL = 0;
				GCC_PREPROCESSOR_DEFINITIONS = (
					"DEBUG=1",
					"$(inherited)",
				);
				GCC_WARN_64_TO_32_BIT_CONVERSION = YES;
				GCC_WARN_ABOUT_RETURN_TYPE = YES_ERROR;
				GCC_WARN_UNDECLARED_SELECTOR = YES;
				GCC_WARN_UNINITIALIZED_AUTOS = YES_AGGRESSIVE;
				GCC_WARN_UNUSED_FUNCTION = YES;
				GCC_WARN_UNUSED_VARIABLE = YES;
				IPHONEOS_DEPLOYMENT_TARGET = 17.2;
				LOCALIZATION_PREFERS_STRING_CATALOGS = YES;
				MTL_ENABLE_DEBUG_INFO = INCLUDE_SOURCE;
				MTL_FAST_MATH = YES;
				ONLY_ACTIVE_ARCH = YES;
				SDKROOT = iphoneos;
				SWIFT_ACTIVE_COMPILATION_CONDITIONS = "DEBUG $(inherited)";
				SWIFT_OPTIMIZATION_LEVEL = "-Onone";
			};
			name = Debug;
		};
		DE7D567B2B7C7EBE0060BE42 /* Release */ = {
			isa = XCBuildConfiguration;
			buildSettings = {
				ALWAYS_SEARCH_USER_PATHS = NO;
				ASSETCATALOG_COMPILER_GENERATE_SWIFT_ASSET_SYMBOL_EXTENSIONS = YES;
				CLANG_ANALYZER_NONNULL = YES;
				CLANG_ANALYZER_NUMBER_OBJECT_CONVERSION = YES_AGGRESSIVE;
				CLANG_CXX_LANGUAGE_STANDARD = "gnu++20";
				CLANG_ENABLE_MODULES = YES;
				CLANG_ENABLE_OBJC_ARC = YES;
				CLANG_ENABLE_OBJC_WEAK = YES;
				CLANG_WARN_BLOCK_CAPTURE_AUTORELEASING = YES;
				CLANG_WARN_BOOL_CONVERSION = YES;
				CLANG_WARN_COMMA = YES;
				CLANG_WARN_CONSTANT_CONVERSION = YES;
				CLANG_WARN_DEPRECATED_OBJC_IMPLEMENTATIONS = YES;
				CLANG_WARN_DIRECT_OBJC_ISA_USAGE = YES_ERROR;
				CLANG_WARN_DOCUMENTATION_COMMENTS = YES;
				CLANG_WARN_EMPTY_BODY = YES;
				CLANG_WARN_ENUM_CONVERSION = YES;
				CLANG_WARN_INFINITE_RECURSION = YES;
				CLANG_WARN_INT_CONVERSION = YES;
				CLANG_WARN_NON_LITERAL_NULL_CONVERSION = YES;
				CLANG_WARN_OBJC_IMPLICIT_RETAIN_SELF = YES;
				CLANG_WARN_OBJC_LITERAL_CONVERSION = YES;
				CLANG_WARN_OBJC_ROOT_CLASS = YES_ERROR;
				CLANG_WARN_QUOTED_INCLUDE_IN_FRAMEWORK_HEADER = YES;
				CLANG_WARN_RANGE_LOOP_ANALYSIS = YES;
				CLANG_WARN_STRICT_PROTOTYPES = YES;
				CLANG_WARN_SUSPICIOUS_MOVE = YES;
				CLANG_WARN_UNGUARDED_AVAILABILITY = YES_AGGRESSIVE;
				CLANG_WARN_UNREACHABLE_CODE = YES;
				CLANG_WARN__DUPLICATE_METHOD_MATCH = YES;
				COPY_PHASE_STRIP = NO;
				DEBUG_INFORMATION_FORMAT = "dwarf-with-dsym";
				ENABLE_NS_ASSERTIONS = NO;
				ENABLE_STRICT_OBJC_MSGSEND = YES;
				ENABLE_USER_SCRIPT_SANDBOXING = YES;
				GCC_C_LANGUAGE_STANDARD = gnu17;
				GCC_NO_COMMON_BLOCKS = YES;
				GCC_WARN_64_TO_32_BIT_CONVERSION = YES;
				GCC_WARN_ABOUT_RETURN_TYPE = YES_ERROR;
				GCC_WARN_UNDECLARED_SELECTOR = YES;
				GCC_WARN_UNINITIALIZED_AUTOS = YES_AGGRESSIVE;
				GCC_WARN_UNUSED_FUNCTION = YES;
				GCC_WARN_UNUSED_VARIABLE = YES;
				IPHONEOS_DEPLOYMENT_TARGET = 17.2;
				LOCALIZATION_PREFERS_STRING_CATALOGS = YES;
				MTL_ENABLE_DEBUG_INFO = NO;
				MTL_FAST_MATH = YES;
				SDKROOT = iphoneos;
				SWIFT_COMPILATION_MODE = wholemodule;
				VALIDATE_PRODUCT = YES;
			};
			name = Release;
		};
		DE7D567D2B7C7EBE0060BE42 /* Debug */ = {
			isa = XCBuildConfiguration;
			buildSettings = {
				ASSETCATALOG_COMPILER_APPICON_NAME = AppIcon;
				ASSETCATALOG_COMPILER_GLOBAL_ACCENT_COLOR_NAME = AccentColor;
				CODE_SIGN_STYLE = Automatic;
				CURRENT_PROJECT_VERSION = 1;
				DEVELOPMENT_TEAM = X32GZ3NKQ8;
				GENERATE_INFOPLIST_FILE = YES;
				INFOPLIST_FILE = SeSACReminders/Info.plist;
				INFOPLIST_KEY_UIApplicationSupportsIndirectInputEvents = YES;
				INFOPLIST_KEY_UILaunchStoryboardName = LaunchScreen;
				INFOPLIST_KEY_UIMainStoryboardFile = Main;
				INFOPLIST_KEY_UISupportedInterfaceOrientations = UIInterfaceOrientationPortrait;
				INFOPLIST_KEY_UISupportedInterfaceOrientations_iPad = "UIInterfaceOrientationLandscapeLeft UIInterfaceOrientationLandscapeRight UIInterfaceOrientationPortrait UIInterfaceOrientationPortraitUpsideDown";
				LD_RUNPATH_SEARCH_PATHS = (
					"$(inherited)",
					"@executable_path/Frameworks",
				);
				MARKETING_VERSION = 1.0;
				PRODUCT_BUNDLE_IDENTIFIER = com.moana.SeSACReminders;
				PRODUCT_NAME = "$(TARGET_NAME)";
				SUPPORTED_PLATFORMS = "iphoneos iphonesimulator";
				SUPPORTS_MACCATALYST = NO;
				SUPPORTS_MAC_DESIGNED_FOR_IPHONE_IPAD = NO;
				SWIFT_EMIT_LOC_STRINGS = YES;
				SWIFT_VERSION = 5.0;
				TARGETED_DEVICE_FAMILY = 1;
			};
			name = Debug;
		};
		DE7D567E2B7C7EBE0060BE42 /* Release */ = {
			isa = XCBuildConfiguration;
			buildSettings = {
				ASSETCATALOG_COMPILER_APPICON_NAME = AppIcon;
				ASSETCATALOG_COMPILER_GLOBAL_ACCENT_COLOR_NAME = AccentColor;
				CODE_SIGN_STYLE = Automatic;
				CURRENT_PROJECT_VERSION = 1;
				DEVELOPMENT_TEAM = X32GZ3NKQ8;
				GENERATE_INFOPLIST_FILE = YES;
				INFOPLIST_FILE = SeSACReminders/Info.plist;
				INFOPLIST_KEY_UIApplicationSupportsIndirectInputEvents = YES;
				INFOPLIST_KEY_UILaunchStoryboardName = LaunchScreen;
				INFOPLIST_KEY_UIMainStoryboardFile = Main;
				INFOPLIST_KEY_UISupportedInterfaceOrientations = UIInterfaceOrientationPortrait;
				INFOPLIST_KEY_UISupportedInterfaceOrientations_iPad = "UIInterfaceOrientationLandscapeLeft UIInterfaceOrientationLandscapeRight UIInterfaceOrientationPortrait UIInterfaceOrientationPortraitUpsideDown";
				LD_RUNPATH_SEARCH_PATHS = (
					"$(inherited)",
					"@executable_path/Frameworks",
				);
				MARKETING_VERSION = 1.0;
				PRODUCT_BUNDLE_IDENTIFIER = com.moana.SeSACReminders;
				PRODUCT_NAME = "$(TARGET_NAME)";
				SUPPORTED_PLATFORMS = "iphoneos iphonesimulator";
				SUPPORTS_MACCATALYST = NO;
				SUPPORTS_MAC_DESIGNED_FOR_IPHONE_IPAD = NO;
				SWIFT_EMIT_LOC_STRINGS = YES;
				SWIFT_VERSION = 5.0;
				TARGETED_DEVICE_FAMILY = 1;
			};
			name = Release;
		};
/* End XCBuildConfiguration section */

/* Begin XCConfigurationList section */
		DE7D56632B7C7EBC0060BE42 /* Build configuration list for PBXProject "SeSACReminders" */ = {
			isa = XCConfigurationList;
			buildConfigurations = (
				DE7D567A2B7C7EBE0060BE42 /* Debug */,
				DE7D567B2B7C7EBE0060BE42 /* Release */,
			);
			defaultConfigurationIsVisible = 0;
			defaultConfigurationName = Release;
		};
		DE7D567C2B7C7EBE0060BE42 /* Build configuration list for PBXNativeTarget "SeSACReminders" */ = {
			isa = XCConfigurationList;
			buildConfigurations = (
				DE7D567D2B7C7EBE0060BE42 /* Debug */,
				DE7D567E2B7C7EBE0060BE42 /* Release */,
			);
			defaultConfigurationIsVisible = 0;
			defaultConfigurationName = Release;
		};
/* End XCConfigurationList section */

/* Begin XCRemoteSwiftPackageReference section */
		DE7D56832B7C816A0060BE42 /* XCRemoteSwiftPackageReference "SnapKit" */ = {
			isa = XCRemoteSwiftPackageReference;
			repositoryURL = "https://github.com/SnapKit/SnapKit.git";
			requirement = {
				kind = upToNextMajorVersion;
				minimumVersion = 5.7.0;
			};
		};
		DE7D56862B7C81720060BE42 /* XCRemoteSwiftPackageReference "Alamofire" */ = {
			isa = XCRemoteSwiftPackageReference;
			repositoryURL = "https://github.com/Alamofire/Alamofire";
			requirement = {
				kind = upToNextMajorVersion;
				minimumVersion = 5.8.1;
			};
		};
		DE7D56A62B7E40B70060BE42 /* XCRemoteSwiftPackageReference "realm-swift" */ = {
			isa = XCRemoteSwiftPackageReference;
			repositoryURL = "https://github.com/realm/realm-swift.git";
			requirement = {
				kind = exactVersion;
				version = 10.47.0;
			};
		};
		DEA87BE82B82255100DD899E /* XCRemoteSwiftPackageReference "Toast-Swift" */ = {
			isa = XCRemoteSwiftPackageReference;
			repositoryURL = "https://github.com/scalessec/Toast-Swift";
			requirement = {
				kind = upToNextMajorVersion;
				minimumVersion = 5.1.0;
			};
		};
/* End XCRemoteSwiftPackageReference section */

/* Begin XCSwiftPackageProductDependency section */
		DE7D56842B7C816A0060BE42 /* SnapKit */ = {
			isa = XCSwiftPackageProductDependency;
			package = DE7D56832B7C816A0060BE42 /* XCRemoteSwiftPackageReference "SnapKit" */;
			productName = SnapKit;
		};
		DE7D56872B7C81720060BE42 /* Alamofire */ = {
			isa = XCSwiftPackageProductDependency;
			package = DE7D56862B7C81720060BE42 /* XCRemoteSwiftPackageReference "Alamofire" */;
			productName = Alamofire;
		};
		DE7D56A72B7E40B70060BE42 /* Realm */ = {
			isa = XCSwiftPackageProductDependency;
			package = DE7D56A62B7E40B70060BE42 /* XCRemoteSwiftPackageReference "realm-swift" */;
			productName = Realm;
		};
		DE7D56A92B7E40B70060BE42 /* RealmSwift */ = {
			isa = XCSwiftPackageProductDependency;
			package = DE7D56A62B7E40B70060BE42 /* XCRemoteSwiftPackageReference "realm-swift" */;
			productName = RealmSwift;
		};
		DEA87BE92B82255100DD899E /* Toast */ = {
			isa = XCSwiftPackageProductDependency;
			package = DEA87BE82B82255100DD899E /* XCRemoteSwiftPackageReference "Toast-Swift" */;
			productName = Toast;
		};
/* End XCSwiftPackageProductDependency section */
	};
	rootObject = DE7D56602B7C7EBC0060BE42 /* Project object */;
}
